
Microsoft Visual Studio Solution File, Format Version 12.00
# Visual Studio Version 17
VisualStudioVersion = 17.10.35122.118
MinimumVisualStudioVersion = 10.0.40219.1
Project("{9A19103F-16F7-4668-BE54-9A1E7A4F7556}") = "RYCBEditorX", "RYCBEditorX.csproj", "{CA9B5BDC-9FEB-4698-A6BB-681EB7BEB2E7}"
	ProjectSection(ProjectDependencies) = postProject
		{3192145E-EE32-414B-ABBE-340D0F8DBAE7} = {3192145E-EE32-414B-ABBE-340D0F8DBAE7}
		{7364DC27-AD15-44AF-BAF0-DABD49CB1B7D} = {7364DC27-AD15-44AF-BAF0-DABD49CB1B7D}
		{9242872E-35FF-42C2-9EF1-A8CF411D2012} = {9242872E-35FF-42C2-9EF1-A8CF411D2012}
		{FE25DED2-540C-4423-A38F-74C90386C6CF} = {FE25DED2-540C-4423-A38F-74C90386C6CF}
	EndProjectSection
EndProject
Project("{9A19103F-16F7-4668-BE54-9A1E7A4F7556}") = "RYCBEditorX.Dialogs", "..\RYCBEditorX.Dialogs\RYCBEditorX.Dialogs.csproj", "{3192145E-EE32-414B-ABBE-340D0F8DBAE7}"
	ProjectSection(ProjectDependencies) = postProject
		{7364DC27-AD15-44AF-BAF0-DABD49CB1B7D} = {7364DC27-AD15-44AF-BAF0-DABD49CB1B7D}
	EndProjectSection
EndProject
Project("{9A19103F-16F7-4668-BE54-9A1E7A4F7556}") = "RYCBEditorX.Utils", "..\RYCBEditorX.Utils\RYCBEditorX.Utils.csproj", "{7364DC27-AD15-44AF-BAF0-DABD49CB1B7D}"
	ProjectSection(ProjectDependencies) = postProject
		{9242872E-35FF-42C2-9EF1-A8CF411D2012} = {9242872E-35FF-42C2-9EF1-A8CF411D2012}
	EndProjectSection
EndProject
Project("{9A19103F-16F7-4668-BE54-9A1E7A4F7556}") = "RYCBEditorX.MySQL", "..\RYCBEditorX.MySQL\RYCBEditorX.MySQL.csproj", "{FE25DED2-540C-4423-A38F-74C90386C6CF}"
	ProjectSection(ProjectDependencies) = postProject
		{7364DC27-AD15-44AF-BAF0-DABD49CB1B7D} = {7364DC27-AD15-44AF-BAF0-DABD49CB1B7D}
	EndProjectSection
EndProject
Project("{9A19103F-16F7-4668-BE54-9A1E7A4F7556}") = "RYCBEditorX.Test", "..\RYCBEditorX.Test\RYCBEditorX.Test.csproj", "{A7132834-AF4A-44C5-AE61-E9C972A8788F}"
EndProject
Project("{9A19103F-16F7-4668-BE54-9A1E7A4F7556}") = "RYCBEditorX.Radon", "..\RYCBEditorX.Radon\RYCBEditorX.Radon.csproj", "{45518C7E-7C6D-4101-9A3C-7583580E4AC3}"
EndProject
Project("{9A19103F-16F7-4668-BE54-9A1E7A4F7556}") = "Markdig.Wpf", "..\markdig.wpf\src\Markdig.Wpf\Markdig.Wpf.csproj", "{9242872E-35FF-42C2-9EF1-A8CF411D2012}"
EndProject
Project("{9A19103F-16F7-4668-BE54-9A1E7A4F7556}") = "Markdig.Wpf.SampleAppCustomized", "..\markdig.wpf\src\Markdig.Wpf.SampleAppCustomized\Markdig.Wpf.SampleAppCustomized.csproj", "{92E35014-FEA8-41D1-BD8D-CC9507732BE6}"
EndProject
Project("{9A19103F-16F7-4668-BE54-9A1E7A4F7556}") = "RYCBEditorX.WpfTest", "..\RYCBEditorX.WpfTest\RYCBEditorX.WpfTest.csproj", "{22336662-ACD9-416C-B644-5B448FED838E}"
EndProject
Project("{9A19103F-16F7-4668-BE54-9A1E7A4F7556}") = "Markdig.Wpf.SampleApp", "..\markdig.wpf\src\Markdig.Wpf.SampleApp\Markdig.Wpf.SampleApp.csproj", "{9708149B-FB95-4831-A011-DB9739503CDF}"
EndProject
Project("{9A19103F-16F7-4668-BE54-9A1E7A4F7556}") = "RYCBEditorX.Welcome", "..\RYCBEditorWelcome\RYCBEditorX.Welcome.csproj", "{70237DFC-EA50-4514-899A-090FD394C4B1}"
	ProjectSection(ProjectDependencies) = postProject
		{9242872E-35FF-42C2-9EF1-A8CF411D2012} = {9242872E-35FF-42C2-9EF1-A8CF411D2012}
	EndProjectSection
EndProject
Project("{FAE04EC0-301F-11D3-BF4B-00C04F79EFBC}") = "WpfConPtyTest", "..\WpfConPtyTest\WpfConPtyTest.csproj", "{49F1532F-FFE5-41FB-8C81-071BB4A7798C}"
EndProject
Global
	GlobalSection(SolutionConfigurationPlatforms) = preSolution
		Debug|Any CPU = Debug|Any CPU
		Release_Signed|Any CPU = Release_Signed|Any CPU
		Release|Any CPU = Release|Any CPU
	EndGlobalSection
	GlobalSection(ProjectConfigurationPlatforms) = postSolution
		{CA9B5BDC-9FEB-4698-A6BB-681EB7BEB2E7}.Debug|Any CPU.ActiveCfg = Debug|Any CPU
		{CA9B5BDC-9FEB-4698-A6BB-681EB7BEB2E7}.Debug|Any CPU.Build.0 = Debug|Any CPU
		{CA9B5BDC-9FEB-4698-A6BB-681EB7BEB2E7}.Release_Signed|Any CPU.ActiveCfg = Release|Any CPU
		{CA9B5BDC-9FEB-4698-A6BB-681EB7BEB2E7}.Release_Signed|Any CPU.Build.0 = Release|Any CPU
		{CA9B5BDC-9FEB-4698-A6BB-681EB7BEB2E7}.Release|Any CPU.ActiveCfg = Release|Any CPU
		{CA9B5BDC-9FEB-4698-A6BB-681EB7BEB2E7}.Release|Any CPU.Build.0 = Release|Any CPU
		{3192145E-EE32-414B-ABBE-340D0F8DBAE7}.Debug|Any CPU.ActiveCfg = Debug|Any CPU
		{3192145E-EE32-414B-ABBE-340D0F8DBAE7}.Debug|Any CPU.Build.0 = Debug|Any CPU
		{3192145E-EE32-414B-ABBE-340D0F8DBAE7}.Release_Signed|Any CPU.ActiveCfg = Release|Any CPU
		{3192145E-EE32-414B-ABBE-340D0F8DBAE7}.Release_Signed|Any CPU.Build.0 = Release|Any CPU
		{3192145E-EE32-414B-ABBE-340D0F8DBAE7}.Release|Any CPU.ActiveCfg = Release|Any CPU
		{3192145E-EE32-414B-ABBE-340D0F8DBAE7}.Release|Any CPU.Build.0 = Release|Any CPU
		{7364DC27-AD15-44AF-BAF0-DABD49CB1B7D}.Debug|Any CPU.ActiveCfg = Debug|Any CPU
		{7364DC27-AD15-44AF-BAF0-DABD49CB1B7D}.Debug|Any CPU.Build.0 = Debug|Any CPU
		{7364DC27-AD15-44AF-BAF0-DABD49CB1B7D}.Release_Signed|Any CPU.ActiveCfg = Release|Any CPU
		{7364DC27-AD15-44AF-BAF0-DABD49CB1B7D}.Release_Signed|Any CPU.Build.0 = Release|Any CPU
		{7364DC27-AD15-44AF-BAF0-DABD49CB1B7D}.Release|Any CPU.ActiveCfg = Release|Any CPU
		{7364DC27-AD15-44AF-BAF0-DABD49CB1B7D}.Release|Any CPU.Build.0 = Release|Any CPU
		{FE25DED2-540C-4423-A38F-74C90386C6CF}.Debug|Any CPU.ActiveCfg = Debug|Any CPU
		{FE25DED2-540C-4423-A38F-74C90386C6CF}.Debug|Any CPU.Build.0 = Debug|Any CPU
		{FE25DED2-540C-4423-A38F-74C90386C6CF}.Release_Signed|Any CPU.ActiveCfg = Release|Any CPU
		{FE25DED2-540C-4423-A38F-74C90386C6CF}.Release_Signed|Any CPU.Build.0 = Release|Any CPU
		{FE25DED2-540C-4423-A38F-74C90386C6CF}.Release|Any CPU.ActiveCfg = Release|Any CPU
		{FE25DED2-540C-4423-A38F-74C90386C6CF}.Release|Any CPU.Build.0 = Release|Any CPU
		{A7132834-AF4A-44C5-AE61-E9C972A8788F}.Debug|Any CPU.ActiveCfg = Debug|Any CPU
		{A7132834-AF4A-44C5-AE61-E9C972A8788F}.Debug|Any CPU.Build.0 = Debug|Any CPU
		{A7132834-AF4A-44C5-AE61-E9C972A8788F}.Release_Signed|Any CPU.ActiveCfg = Release|Any CPU
		{A7132834-AF4A-44C5-AE61-E9C972A8788F}.Release_Signed|Any CPU.Build.0 = Release|Any CPU
		{A7132834-AF4A-44C5-AE61-E9C972A8788F}.Release|Any CPU.ActiveCfg = Release|Any CPU
		{A7132834-AF4A-44C5-AE61-E9C972A8788F}.Release|Any CPU.Build.0 = Release|Any CPU
		{45518C7E-7C6D-4101-9A3C-7583580E4AC3}.Debug|Any CPU.ActiveCfg = Debug|Any CPU
		{45518C7E-7C6D-4101-9A3C-7583580E4AC3}.Debug|Any CPU.Build.0 = Debug|Any CPU
		{45518C7E-7C6D-4101-9A3C-7583580E4AC3}.Release_Signed|Any CPU.ActiveCfg = Release|Any CPU
		{45518C7E-7C6D-4101-9A3C-7583580E4AC3}.Release_Signed|Any CPU.Build.0 = Release|Any CPU
		{45518C7E-7C6D-4101-9A3C-7583580E4AC3}.Release|Any CPU.ActiveCfg = Release|Any CPU
		{45518C7E-7C6D-4101-9A3C-7583580E4AC3}.Release|Any CPU.Build.0 = Release|Any CPU
		{9242872E-35FF-42C2-9EF1-A8CF411D2012}.Debug|Any CPU.ActiveCfg = Debug|Any CPU
		{9242872E-35FF-42C2-9EF1-A8CF411D2012}.Debug|Any CPU.Build.0 = Debug|Any CPU
		{9242872E-35FF-42C2-9EF1-A8CF411D2012}.Release_Signed|Any CPU.ActiveCfg = Release_Signed|Any CPU
		{9242872E-35FF-42C2-9EF1-A8CF411D2012}.Release_Signed|Any CPU.Build.0 = Release_Signed|Any CPU
		{9242872E-35FF-42C2-9EF1-A8CF411D2012}.Release|Any CPU.ActiveCfg = Release|Any CPU
		{9242872E-35FF-42C2-9EF1-A8CF411D2012}.Release|Any CPU.Build.0 = Release|Any CPU
		{92E35014-FEA8-41D1-BD8D-CC9507732BE6}.Debug|Any CPU.ActiveCfg = Debug|Any CPU
		{92E35014-FEA8-41D1-BD8D-CC9507732BE6}.Debug|Any CPU.Build.0 = Debug|Any CPU
		{92E35014-FEA8-41D1-BD8D-CC9507732BE6}.Release_Signed|Any CPU.ActiveCfg = Release|Any CPU
		{92E35014-FEA8-41D1-BD8D-CC9507732BE6}.Release_Signed|Any CPU.Build.0 = Release|Any CPU
		{92E35014-FEA8-41D1-BD8D-CC9507732BE6}.Release|Any CPU.ActiveCfg = Release|Any CPU
		{92E35014-FEA8-41D1-BD8D-CC9507732BE6}.Release|Any CPU.Build.0 = Release|Any CPU
		{22336662-ACD9-416C-B644-5B448FED838E}.Debug|Any CPU.ActiveCfg = Debug|Any CPU
		{22336662-ACD9-416C-B644-5B448FED838E}.Debug|Any CPU.Build.0 = Debug|Any CPU
		{22336662-ACD9-416C-B644-5B448FED838E}.Release_Signed|Any CPU.ActiveCfg = Release|Any CPU
		{22336662-ACD9-416C-B644-5B448FED838E}.Release_Signed|Any CPU.Build.0 = Release|Any CPU
		{22336662-ACD9-416C-B644-5B448FED838E}.Release|Any CPU.ActiveCfg = Release|Any CPU
		{22336662-ACD9-416C-B644-5B448FED838E}.Release|Any CPU.Build.0 = Release|Any CPU
		{9708149B-FB95-4831-A011-DB9739503CDF}.Debug|Any CPU.ActiveCfg = Debug|Any CPU
		{9708149B-FB95-4831-A011-DB9739503CDF}.Debug|Any CPU.Build.0 = Debug|Any CPU
		{9708149B-FB95-4831-A011-DB9739503CDF}.Release_Signed|Any CPU.ActiveCfg = Release|Any CPU
		{9708149B-FB95-4831-A011-DB9739503CDF}.Release_Signed|Any CPU.Build.0 = Release|Any CPU
		{9708149B-FB95-4831-A011-DB9739503CDF}.Release|Any CPU.ActiveCfg = Release|Any CPU
		{9708149B-FB95-4831-A011-DB9739503CDF}.Release|Any CPU.Build.0 = Release|Any CPU
		{70237DFC-EA50-4514-899A-090FD394C4B1}.Debug|Any CPU.ActiveCfg = Debug|Any CPU
		{70237DFC-EA50-4514-899A-090FD394C4B1}.Debug|Any CPU.Build.0 = Debug|Any CPU
		{70237DFC-EA50-4514-899A-090FD394C4B1}.Release_Signed|Any CPU.ActiveCfg = Release|Any CPU
		{70237DFC-EA50-4514-899A-090FD394C4B1}.Release_Signed|Any CPU.Build.0 = Release|Any CPU
		{70237DFC-EA50-4514-899A-090FD394C4B1}.Release|Any CPU.ActiveCfg = Release|Any CPU
		{70237DFC-EA50-4514-899A-090FD394C4B1}.Release|Any CPU.Build.0 = Release|Any CPU
		{49F1532F-FFE5-41FB-8C81-071BB4A7798C}.Debug|Any CPU.ActiveCfg = Debug|Any CPU
		{49F1532F-FFE5-41FB-8C81-071BB4A7798C}.Debug|Any CPU.Build.0 = Debug|Any CPU
		{49F1532F-FFE5-41FB-8C81-071BB4A7798C}.Release_Signed|Any CPU.ActiveCfg = Release|Any CPU
		{49F1532F-FFE5-41FB-8C81-071BB4A7798C}.Release_Signed|Any CPU.Build.0 = Release|Any CPU
		{49F1532F-FFE5-41FB-8C81-071BB4A7798C}.Release|Any CPU.ActiveCfg = Release|Any CPU
		{49F1532F-FFE5-41FB-8C81-071BB4A7798C}.Release|Any CPU.Build.0 = Release|Any CPU
	EndGlobalSection
	GlobalSection(SolutionProperties) = preSolution
		HideSolutionNode = FALSE
	EndGlobalSection
	GlobalSection(ExtensibilityGlobals) = postSolution
		SolutionGuid = {8C3D63EF-1130-43A6-ADB4-1DECF478855B}
	EndGlobalSection
EndGlobal
